// !$*UTF8*$!
{
	archiveVersion = 1;
	classes = {
	};
	objectVersion = 51;
	objects = {

/* Begin PBXBuildFile section */
		24E0C8D9269ED67D00703B08 /* AppDelegate.swift in Sources */ = {isa = PBXBuildFile; fileRef = 24E0C8D8269ED67D00703B08 /* AppDelegate.swift */; };
		24E0C8DB269ED67D00703B08 /* SceneDelegate.swift in Sources */ = {isa = PBXBuildFile; fileRef = 24E0C8DA269ED67D00703B08 /* SceneDelegate.swift */; };
		24E0C8DD269ED67D00703B08 /* ViewController.swift in Sources */ = {isa = PBXBuildFile; fileRef = 24E0C8DC269ED67D00703B08 /* ViewController.swift */; };
		24E0C8E0269ED67D00703B08 /* Main.storyboard in Resources */ = {isa = PBXBuildFile; fileRef = 24E0C8DE269ED67D00703B08 /* Main.storyboard */; };
		24E0C8E2269ED68800703B08 /* Assets.xcassets in Resources */ = {isa = PBXBuildFile; fileRef = 24E0C8E1269ED68800703B08 /* Assets.xcassets */; };
		24E0C8E5269ED68800703B08 /* LaunchScreen.storyboard in Resources */ = {isa = PBXBuildFile; fileRef = 24E0C8E3269ED68800703B08 /* LaunchScreen.storyboard */; };
		24E0C8F9269F1B4C00703B08 /* webViewController.swift in Sources */ = {isa = PBXBuildFile; fileRef = 24E0C8F8269F1B4C00703B08 /* webViewController.swift */; };
		50375449E60208B9B555F201 /* Pods_Gourmet_map.framework in Frameworks */ = {isa = PBXBuildFile; fileRef = 79CE8DA1A68C752CA49FE0A9 /* Pods_Gourmet_map.framework */; };
/* End PBXBuildFile section */

/* Begin PBXFileReference section */
		24E0C8D5269ED67D00703B08 /* Gourmet_map.app */ = {isa = PBXFileReference; explicitFileType = wrapper.application; includeInIndex = 0; path = Gourmet_map.app; sourceTree = BUILT_PRODUCTS_DIR; };
		24E0C8D8269ED67D00703B08 /* AppDelegate.swift */ = {isa = PBXFileReference; lastKnownFileType = sourcecode.swift; path = AppDelegate.swift; sourceTree = "<group>"; };
		24E0C8DA269ED67D00703B08 /* SceneDelegate.swift */ = {isa = PBXFileReference; lastKnownFileType = sourcecode.swift; path = SceneDelegate.swift; sourceTree = "<group>"; };
		24E0C8DC269ED67D00703B08 /* ViewController.swift */ = {isa = PBXFileReference; lastKnownFileType = sourcecode.swift; path = ViewController.swift; sourceTree = "<group>"; };
		24E0C8DF269ED67D00703B08 /* Base */ = {isa = PBXFileReference; lastKnownFileType = file.storyboard; name = Base; path = Base.lproj/Main.storyboard; sourceTree = "<group>"; };
		24E0C8E1269ED68800703B08 /* Assets.xcassets */ = {isa = PBXFileReference; lastKnownFileType = folder.assetcatalog; path = Assets.xcassets; sourceTree = "<group>"; };
		24E0C8E4269ED68800703B08 /* Base */ = {isa = PBXFileReference; lastKnownFileType = file.storyboard; name = Base; path = Base.lproj/LaunchScreen.storyboard; sourceTree = "<group>"; };
		24E0C8E6269ED68800703B08 /* Info.plist */ = {isa = PBXFileReference; lastKnownFileType = text.plist.xml; path = Info.plist; sourceTree = "<group>"; };
		24E0C8F8269F1B4C00703B08 /* webViewController.swift */ = {isa = PBXFileReference; lastKnownFileType = sourcecode.swift; path = webViewController.swift; sourceTree = "<group>"; };
		25F040ADD82179ABA5D1319E /* Pods-Gourmet_map.debug.xcconfig */ = {isa = PBXFileReference; includeInIndex = 1; lastKnownFileType = text.xcconfig; name = "Pods-Gourmet_map.debug.xcconfig"; path = "Target Support Files/Pods-Gourmet_map/Pods-Gourmet_map.debug.xcconfig"; sourceTree = "<group>"; };
		79CE8DA1A68C752CA49FE0A9 /* Pods_Gourmet_map.framework */ = {isa = PBXFileReference; explicitFileType = wrapper.framework; includeInIndex = 0; path = Pods_Gourmet_map.framework; sourceTree = BUILT_PRODUCTS_DIR; };
		AAA3BCE9D7EC9296B4D671F3 /* Pods-Gourmet_map.release.xcconfig */ = {isa = PBXFileReference; includeInIndex = 1; lastKnownFileType = text.xcconfig; name = "Pods-Gourmet_map.release.xcconfig"; path = "Target Support Files/Pods-Gourmet_map/Pods-Gourmet_map.release.xcconfig"; sourceTree = "<group>"; };
/* End PBXFileReference section */

/* Begin PBXFrameworksBuildPhase section */
		24E0C8D2269ED67D00703B08 /* Frameworks */ = {
			isa = PBXFrameworksBuildPhase;
			buildActionMask = 2147483647;
			files = (
				50375449E60208B9B555F201 /* Pods_Gourmet_map.framework in Frameworks */,
			);
			runOnlyForDeploymentPostprocessing = 0;
		};
/* End PBXFrameworksBuildPhase section */

/* Begin PBXGroup section */
		24E0C8CC269ED67D00703B08 = {
			isa = PBXGroup;
			children = (
				24E0C8D7269ED67D00703B08 /* Gourmet_map */,
				24E0C8D6269ED67D00703B08 /* Products */,
				FDF1971B61AB786ADB7ECF8D /* Pods */,
				414DFEA5827DEA2096A8FF0B /* Frameworks */,
			);
			sourceTree = "<group>";
		};
		24E0C8D6269ED67D00703B08 /* Products */ = {
			isa = PBXGroup;
			children = (
				24E0C8D5269ED67D00703B08 /* Gourmet_map.app */,
			);
			name = Products;
			sourceTree = "<group>";
		};
		24E0C8D7269ED67D00703B08 /* Gourmet_map */ = {
			isa = PBXGroup;
			children = (
				24E0C8F7269F1B1E00703B08 /* controller */,
				24E0C8F6269F1B1800703B08 /* view */,
				24E0C8F5269F1B1200703B08 /* model */,
				24E0C8E6269ED68800703B08 /* Info.plist */,
			);
			path = Gourmet_map;
			sourceTree = "<group>";
		};
		24E0C8F5269F1B1200703B08 /* model */ = {
			isa = PBXGroup;
			children = (
			);
			path = model;
			sourceTree = "<group>";
		};
		24E0C8F6269F1B1800703B08 /* view */ = {
			isa = PBXGroup;
			children = (
				24E0C8DE269ED67D00703B08 /* Main.storyboard */,
				24E0C8E1269ED68800703B08 /* Assets.xcassets */,
				24E0C8E3269ED68800703B08 /* LaunchScreen.storyboard */,
			);
			path = view;
			sourceTree = "<group>";
		};
		24E0C8F7269F1B1E00703B08 /* controller */ = {
			isa = PBXGroup;
			children = (
				24E0C8D8269ED67D00703B08 /* AppDelegate.swift */,
				24E0C8DA269ED67D00703B08 /* SceneDelegate.swift */,
				24E0C8DC269ED67D00703B08 /* ViewController.swift */,
				24E0C8F8269F1B4C00703B08 /* webViewController.swift */,
			);
			path = controller;
			sourceTree = "<group>";
		};
		414DFEA5827DEA2096A8FF0B /* Frameworks */ = {
			isa = PBXGroup;
			children = (
				79CE8DA1A68C752CA49FE0A9 /* Pods_Gourmet_map.framework */,
			);
			name = Frameworks;
			sourceTree = "<group>";
		};
		FDF1971B61AB786ADB7ECF8D /* Pods */ = {
			isa = PBXGroup;
			children = (
				25F040ADD82179ABA5D1319E /* Pods-Gourmet_map.debug.xcconfig */,
				AAA3BCE9D7EC9296B4D671F3 /* Pods-Gourmet_map.release.xcconfig */,
			);
			path = Pods;
			sourceTree = "<group>";
		};
/* End PBXGroup section */

/* Begin PBXNativeTarget section */
		24E0C8D4269ED67D00703B08 /* Gourmet_map */ = {
			isa = PBXNativeTarget;
			buildConfigurationList = 24E0C8E9269ED68800703B08 /* Build configuration list for PBXNativeTarget "Gourmet_map" */;
			buildPhases = (
				CAB5E1D6958F58BD7588B7EF /* [CP] Check Pods Manifest.lock */,
				24E0C8D1269ED67D00703B08 /* Sources */,
				24E0C8D2269ED67D00703B08 /* Frameworks */,
				24E0C8D3269ED67D00703B08 /* Resources */,
				26248AA7BFE3A270B2603E05 /* [CP] Embed Pods Frameworks */,
			);
			buildRules = (
			);
			dependencies = (
			);
			name = Gourmet_map;
			productName = Gourmet_map;
			productReference = 24E0C8D5269ED67D00703B08 /* Gourmet_map.app */;
			productType = "com.apple.product-type.application";
		};
/* End PBXNativeTarget section */

/* Begin PBXProject section */
		24E0C8CD269ED67D00703B08 /* Project object */ = {
			isa = PBXProject;
			attributes = {
				LastSwiftUpdateCheck = 1230;
				LastUpgradeCheck = 1230;
				TargetAttributes = {
					24E0C8D4269ED67D00703B08 = {
						CreatedOnToolsVersion = 12.3;
					};
				};
			};
			buildConfigurationList = 24E0C8D0269ED67D00703B08 /* Build configuration list for PBXProject "Gourmet_map" */;
			compatibilityVersion = "Xcode 9.3";
			developmentRegion = en;
			hasScannedForEncodings = 0;
			knownRegions = (
				en,
				Base,
			);
			mainGroup = 24E0C8CC269ED67D00703B08;
			productRefGroup = 24E0C8D6269ED67D00703B08 /* Products */;
			projectDirPath = "";
			projectRoot = "";
			targets = (
				24E0C8D4269ED67D00703B08 /* Gourmet_map */,
			);
		};
/* End PBXProject section */

/* Begin PBXResourcesBuildPhase section */
		24E0C8D3269ED67D00703B08 /* Resources */ = {
			isa = PBXResourcesBuildPhase;
			buildActionMask = 2147483647;
			files = (
				24E0C8E5269ED68800703B08 /* LaunchScreen.storyboard in Resources */,
				24E0C8E2269ED68800703B08 /* Assets.xcassets in Resources */,
				24E0C8E0269ED67D00703B08 /* Main.storyboard in Resources */,
			);
			runOnlyForDeploymentPostprocessing = 0;
		};
/* End PBXResourcesBuildPhase section */

/* Begin PBXShellScriptBuildPhase section */
		26248AA7BFE3A270B2603E05 /* [CP] Embed Pods Frameworks */ = {
			isa = PBXShellScriptBuildPhase;
			buildActionMask = 2147483647;
			files = (
			);
			inputFileListPaths = (
				"${PODS_ROOT}/Target Support Files/Pods-Gourmet_map/Pods-Gourmet_map-frameworks-${CONFIGURATION}-input-files.xcfilelist",
			);
			name = "[CP] Embed Pods Frameworks";
			outputFileListPaths = (
				"${PODS_ROOT}/Target Support Files/Pods-Gourmet_map/Pods-Gourmet_map-frameworks-${CONFIGURATION}-output-files.xcfilelist",
			);
			runOnlyForDeploymentPostprocessing = 0;
			shellPath = /bin/sh;
			shellScript = "\"${PODS_ROOT}/Target Support Files/Pods-Gourmet_map/Pods-Gourmet_map-frameworks.sh\"\n";
			showEnvVarsInLog = 0;
		};
		CAB5E1D6958F58BD7588B7EF /* [CP] Check Pods Manifest.lock */ = {
			isa = PBXShellScriptBuildPhase;
			buildActionMask = 2147483647;
			files = (
			);
			inputFileListPaths = (
			);
			inputPaths = (
				"${PODS_PODFILE_DIR_PATH}/Podfile.lock",
				"${PODS_ROOT}/Manifest.lock",
			);
			name = "[CP] Check Pods Manifest.lock";
			outputFileListPaths = (
			);
			outputPaths = (
				"$(DERIVED_FILE_DIR)/Pods-Gourmet_map-checkManifestLockResult.txt",
			);
			runOnlyForDeploymentPostprocessing = 0;
			shellPath = /bin/sh;
			shellScript = "diff \"${PODS_PODFILE_DIR_PATH}/Podfile.lock\" \"${PODS_ROOT}/Manifest.lock\" > /dev/null\nif [ $? != 0 ] ; then\n    # print error to STDERR\n    echo \"error: The sandbox is not in sync with the Podfile.lock. Run 'pod install' or update your CocoaPods installation.\" >&2\n    exit 1\nfi\n# This output is used by Xcode 'outputs' to avoid re-running this script phase.\necho \"SUCCESS\" > \"${SCRIPT_OUTPUT_FILE_0}\"\n";
			showEnvVarsInLog = 0;
		};
/* End PBXShellScriptBuildPhase section */

/* Begin PBXSourcesBuildPhase section */
		24E0C8D1269ED67D00703B08 /* Sources */ = {
			isa = PBXSourcesBuildPhase;
			buildActionMask = 2147483647;
			files = (
				24E0C8DD269ED67D00703B08 /* ViewController.swift in Sources */,
				24E0C8D9269ED67D00703B08 /* AppDelegate.swift in Sources */,
				24E0C8DB269ED67D00703B08 /* SceneDelegate.swift in Sources */,
				24E0C8F9269F1B4C00703B08 /* webViewController.swift in Sources */,
			);
			runOnlyForDeploymentPostprocessing = 0;
		};
/* End PBXSourcesBuildPhase section */

/* Begin PBXVariantGroup section */
		24E0C8DE269ED67D00703B08 /* Main.storyboard */ = {
			isa = PBXVariantGroup;
			children = (
				24E0C8DF269ED67D00703B08 /* Base */,
			);
			name = Main.storyboard;
			sourceTree = "<group>";
		};
		24E0C8E3269ED68800703B08 /* LaunchScreen.storyboard */ = {
			isa = PBXVariantGroup;
			children = (
				24E0C8E4269ED68800703B08 /* Base */,
			);
			name = LaunchScreen.storyboard;
			sourceTree = "<group>";
		};
/* End PBXVariantGroup section */

/* Begin XCBuildConfiguration section */
		24E0C8E7269ED68800703B08 /* Debug */ = {
			isa = XCBuildConfiguration;
			buildSettings = {
				ALWAYS_SEARCH_USER_PATHS = NO;
				CLANG_ANALYZER_NONNULL = YES;
				CLANG_ANALYZER_NUMBER_OBJECT_CONVERSION = YES_AGGRESSIVE;
				CLANG_CXX_LANGUAGE_STANDARD = "gnu++14";
				CLANG_CXX_LIBRARY = "libc++";
				CLANG_ENABLE_MODULES = YES;
				CLANG_ENABLE_OBJC_ARC = YES;
				CLANG_ENABLE_OBJC_WEAK = YES;
				CLANG_WARN_BLOCK_CAPTURE_AUTORELEASING = YES;
				CLANG_WARN_BOOL_CONVERSION = YES;
				CLANG_WARN_COMMA = YES;
				CLANG_WARN_CONSTANT_CONVERSION = YES;
				CLANG_WARN_DEPRECATED_OBJC_IMPLEMENTATIONS = YES;
				CLANG_WARN_DIRECT_OBJC_ISA_USAGE = YES_ERROR;
				CLANG_WARN_DOCUMENTATION_COMMENTS = YES;
				CLANG_WARN_EMPTY_BODY = YES;
				CLANG_WARN_ENUM_CONVERSION = YES;
				CLANG_WARN_INFINITE_RECURSION = YES;
				CLANG_WARN_INT_CONVERSION = YES;
				CLANG_WARN_NON_LITERAL_NULL_CONVERSION = YES;
				CLANG_WARN_OBJC_IMPLICIT_RETAIN_SELF = YES;
				CLANG_WARN_OBJC_LITERAL_CONVERSION = YES;
				CLANG_WARN_OBJC_ROOT_CLASS = YES_ERROR;
				CLANG_WARN_QUOTED_INCLUDE_IN_FRAMEWORK_HEADER = YES;
				CLANG_WARN_RANGE_LOOP_ANALYSIS = YES;
				CLANG_WARN_STRICT_PROTOTYPES = YES;
				CLANG_WARN_SUSPICIOUS_MOVE = YES;
				CLANG_WARN_UNGUARDED_AVAILABILITY = YES_AGGRESSIVE;
				CLANG_WARN_UNREACHABLE_CODE = YES;
				CLANG_WARN__DUPLICATE_METHOD_MATCH = YES;
				COPY_PHASE_STRIP = NO;
				DEBUG_INFORMATION_FORMAT = dwarf;
				ENABLE_STRICT_OBJC_MSGSEND = YES;
				ENABLE_TESTABILITY = YES;
				GCC_C_LANGUAGE_STANDARD = gnu11;
				GCC_DYNAMIC_NO_PIC = NO;
				GCC_NO_COMMON_BLOCKS = YES;
				GCC_OPTIMIZATION_LEVEL = 0;
				GCC_PREPROCESSOR_DEFINITIONS = (
					"DEBUG=1",
					"$(inherited)",
				);
				GCC_WARN_64_TO_32_BIT_CONVERSION = YES;
				GCC_WARN_ABOUT_RETURN_TYPE = YES_ERROR;
				GCC_WARN_UNDECLARED_SELECTOR = YES;
				GCC_WARN_UNINITIALIZED_AUTOS = YES_AGGRESSIVE;
				GCC_WARN_UNUSED_FUNCTION = YES;
				GCC_WARN_UNUSED_VARIABLE = YES;
				IPHONEOS_DEPLOYMENT_TARGET = 14.3;
				MTL_ENABLE_DEBUG_INFO = INCLUDE_SOURCE;
				MTL_FAST_MATH = YES;
				ONLY_ACTIVE_ARCH = YES;
				SDKROOT = iphoneos;
				SWIFT_ACTIVE_COMPILATION_CONDITIONS = DEBUG;
				SWIFT_OPTIMIZATION_LEVEL = "-Onone";
			};
			name = Debug;
		};
		24E0C8E8269ED68800703B08 /* Release */ = {
			isa = XCBuildConfiguration;
			buildSettings = {
				ALWAYS_SEARCH_USER_PATHS = NO;
				CLANG_ANALYZER_NONNULL = YES;
				CLANG_ANALYZER_NUMBER_OBJECT_CONVERSION = YES_AGGRESSIVE;
				CLANG_CXX_LANGUAGE_STANDARD = "gnu++14";
				CLANG_CXX_LIBRARY = "libc++";
				CLANG_ENABLE_MODULES = YES;
				CLANG_ENABLE_OBJC_ARC = YES;
				CLANG_ENABLE_OBJC_WEAK = YES;
				CLANG_WARN_BLOCK_CAPTURE_AUTORELEASING = YES;
				CLANG_WARN_BOOL_CONVERSION = YES;
				CLANG_WARN_COMMA = YES;
				CLANG_WARN_CONSTANT_CONVERSION = YES;
				CLANG_WARN_DEPRECATED_OBJC_IMPLEMENTATIONS = YES;
				CLANG_WARN_DIRECT_OBJC_ISA_USAGE = YES_ERROR;
				CLANG_WARN_DOCUMENTATION_COMMENTS = YES;
				CLANG_WARN_EMPTY_BODY = YES;
				CLANG_WARN_ENUM_CONVERSION = YES;
				CLANG_WARN_INFINITE_RECURSION = YES;
				CLANG_WARN_INT_CONVERSION = YES;
				CLANG_WARN_NON_LITERAL_NULL_CONVERSION = YES;
				CLANG_WARN_OBJC_IMPLICIT_RETAIN_SELF = YES;
				CLANG_WARN_OBJC_LITERAL_CONVERSION = YES;
				CLANG_WARN_OBJC_ROOT_CLASS = YES_ERROR;
				CLANG_WARN_QUOTED_INCLUDE_IN_FRAMEWORK_HEADER = YES;
				CLANG_WARN_RANGE_LOOP_ANALYSIS = YES;
				CLANG_WARN_STRICT_PROTOTYPES = YES;
				CLANG_WARN_SUSPICIOUS_MOVE = YES;
				CLANG_WARN_UNGUARDED_AVAILABILITY = YES_AGGRESSIVE;
				CLANG_WARN_UNREACHABLE_CODE = YES;
				CLANG_WARN__DUPLICATE_METHOD_MATCH = YES;
				COPY_PHASE_STRIP = NO;
				DEBUG_INFORMATION_FORMAT = "dwarf-with-dsym";
				ENABLE_NS_ASSERTIONS = NO;
				ENABLE_STRICT_OBJC_MSGSEND = YES;
				GCC_C_LANGUAGE_STANDARD = gnu11;
				GCC_NO_COMMON_BLOCKS = YES;
				GCC_WARN_64_TO_32_BIT_CONVERSION = YES;
				GCC_WARN_ABOUT_RETURN_TYPE = YES_ERROR;
				GCC_WARN_UNDECLARED_SELECTOR = YES;
				GCC_WARN_UNINITIALIZED_AUTOS = YES_AGGRESSIVE;
				GCC_WARN_UNUSED_FUNCTION = YES;
				GCC_WARN_UNUSED_VARIABLE = YES;
				IPHONEOS_DEPLOYMENT_TARGET = 14.3;
				MTL_ENABLE_DEBUG_INFO = NO;
				MTL_FAST_MATH = YES;
				SDKROOT = iphoneos;
				SWIFT_COMPILATION_MODE = wholemodule;
				SWIFT_OPTIMIZATION_LEVEL = "-O";
				VALIDATE_PRODUCT = YES;
			};
			name = Release;
		};
		24E0C8EA269ED68800703B08 /* Debug */ = {
			isa = XCBuildConfiguration;
			baseConfigurationReference = 25F040ADD82179ABA5D1319E /* Pods-Gourmet_map.debug.xcconfig */;
			buildSettings = {
				ASSETCATALOG_COMPILER_APPICON_NAME = AppIcon;
				ASSETCATALOG_COMPILER_GLOBAL_ACCENT_COLOR_NAME = AccentColor;
				CODE_SIGN_STYLE = Automatic;
				INFOPLIST_FILE = Gourmet_map/Info.plist;
				LD_RUNPATH_SEARCH_PATHS = (
					"$(inherited)",
					"@executable_path/Frameworks",
				);
				PRODUCT_BUNDLE_IDENTIFIER = "com.yuya.Gourmet-map";
				PRODUCT_NAME = "$(TARGET_NAME)";
				SWIFT_VERSION = 5.0;
				TARGETED_DEVICE_FAMILY = 1;
			};
			name = Debug;
		};
		24E0C8EB269ED68800703B08 /* Release */ = {
			isa = XCBuildConfiguration;
			baseConfigurationReference = AAA3BCE9D7EC9296B4D671F3 /* Pods-Gourmet_map.release.xcconfig */;
			buildSettings = {
				ASSETCATALOG_COMPILER_APPICON_NAME = AppIcon;
				ASSETCATALOG_COMPILER_GLOBAL_ACCENT_COLOR_NAME = AccentColor;
				CODE_SIGN_STYLE = Automatic;
				INFOPLIST_FILE = Gourmet_map/Info.plist;
				LD_RUNPATH_SEARCH_PATHS = (
					"$(inherited)",
					"@executable_path/Frameworks",
				);
				PRODUCT_BUNDLE_IDENTIFIER = "com.yuya.Gourmet-map";
				PRODUCT_NAME = "$(TARGET_NAME)";
				SWIFT_VERSION = 5.0;
				TARGETED_DEVICE_FAMILY = 1;
			};
			name = Release;
		};
/* End XCBuildConfiguration section */

/* Begin XCConfigurationList section */
		24E0C8D0269ED67D00703B08 /* Build configuration list for PBXProject "Gourmet_map" */ = {
			isa = XCConfigurationList;
			buildConfigurations = (
				24E0C8E7269ED68800703B08 /* Debug */,
				24E0C8E8269ED68800703B08 /* Release */,
			);
			defaultConfigurationIsVisible = 0;
			defaultConfigurationName = Release;
		};
		24E0C8E9269ED68800703B08 /* Build configuration list for PBXNativeTarget "Gourmet_map" */ = {
			isa = XCConfigurationList;
			buildConfigurations = (
				24E0C8EA269ED68800703B08 /* Debug */,
				24E0C8EB269ED68800703B08 /* Release */,
			);
			defaultConfigurationIsVisible = 0;
			defaultConfigurationName = Release;
		};
/* End XCConfigurationList section */
	};
	rootObject = 24E0C8CD269ED67D00703B08 /* Project object */;
}
